# Generated by pub
# See https://dart.dev/tools/pub/glossary#lockfile
packages:
  async:
    dependency: transitive
    description:
      name: async
      sha256: "947bfcf187f74dbc5e146c9eb9c0f10c9f8b30743e341481c1e2ed3ecc18c20c"
      url: "https://pub.dev"
    source: hosted
    version: "2.11.0"
  badges:
    dependency: "direct main"
    description:
      name: badges
      sha256: "6e7f3ec561ec08f47f912cfe349d4a1707afdc8dda271e17b046aa6d42c89e77"
      url: "https://pub.dev"
    source: hosted
    version: "3.1.1"
  boolean_selector:
    dependency: transitive
    description:
      name: boolean_selector
      sha256: "6cfb5af12253eaf2b368f07bacc5a80d1301a071c73360d746b7f2e32d762c66"
      url: "https://pub.dev"
    source: hosted
    version: "2.1.1"
  browser_detector:
    dependency: "direct main"
    description:
      name: browser_detector
      sha256: "815d6f178ac3b13a346f9c341fceff18918c0272bb9ea62de71837bc083b1535"
      url: "https://pub.dev"
    source: hosted
    version: "2.0.0"
  characters:
    dependency: transitive
    description:
      name: characters
      sha256: "04a925763edad70e8443c99234dc3328f442e811f1d8fd1a72f1c8ad0f69a605"
      url: "https://pub.dev"
    source: hosted
    version: "1.3.0"
  clock:
    dependency: transitive
    description:
      name: clock
      sha256: cb6d7f03e1de671e34607e909a7213e31d7752be4fb66a86d29fe1eb14bfb5cf
      url: "https://pub.dev"
    source: hosted
    version: "1.1.1"
  code_text_field:
    dependency: "direct main"
    description:
      name: code_text_field
      sha256: "0cbffbb2932cf82e1d022996388041de3493a476acad3fbb13e5917cac0fc5f2"
      url: "https://pub.dev"
    source: hosted
    version: "1.1.0"
  collection:
    dependency: transitive
    description:
      name: collection
      sha256: ee67cb0715911d28db6bf4af1026078bd6f0128b07a5f66fb2ed94ec6783c09a
      url: "https://pub.dev"
    source: hosted
    version: "1.18.0"
  convert:
    dependency: transitive
    description:
      name: convert
      sha256: "0f08b14755d163f6e2134cb58222dd25ea2a2ee8a195e53983d57c075324d592"
      url: "https://pub.dev"
    source: hosted
    version: "3.1.1"
  crypto:
    dependency: transitive
    description:
      name: crypto
      sha256: ec30d999af904f33454ba22ed9a86162b35e52b44ac4807d1d93c288041d7d27
      url: "https://pub.dev"
    source: hosted
    version: "3.0.5"
  csslib:
    dependency: transitive
    description:
      name: csslib
      sha256: "831883fb353c8bdc1d71979e5b342c7d88acfbc643113c14ae51e2442ea0f20f"
      url: "https://pub.dev"
    source: hosted
    version: "0.17.3"
  cupertino_icons:
    dependency: "direct main"
    description:
      name: cupertino_icons
      sha256: caac504f942f41dfadcf45229ce8c47065b93919a12739f20d6173a883c5ec73
      url: "https://pub.dev"
    source: hosted
    version: "1.0.2"
  decimal:
    dependency: "direct main"
    description:
      name: decimal
      sha256: "4140a688f9e443e2f4de3a1162387bf25e1ac6d51e24c9da263f245210f41440"
      url: "https://pub.dev"
    source: hosted
    version: "3.0.2"
  dotted_border:
    dependency: "direct main"
    description:
      name: dotted_border
      sha256: "71cca7a3381fac159101e6996ec48a7a0a73e46f6214a3bbc75b9ba49ab87aed"
      url: "https://pub.dev"
    source: hosted
    version: "2.0.0+2"
  eip1559:
    dependency: transitive
    description:
      name: eip1559
      sha256: c2b81ac85f3e0e71aaf558201dd9a4600f051ece7ebacd0c5d70065c9b458004
      url: "https://pub.dev"
    source: hosted
    version: "0.6.2"
  eip55:
    dependency: transitive
    description:
      name: eip55
      sha256: "213a9b86add87a5216328e8494b0ab836e401210c4d55eb5e521bd39e39169e1"
      url: "https://pub.dev"
    source: hosted
    version: "1.0.2"
  email_validator:
    dependency: "direct main"
    description:
      name: email_validator
      sha256: "2a7a1390f64ba3897d613064b538446e073a7e1021870cab2399d217f786c720"
      url: "https://pub.dev"
    source: hosted
    version: "2.0.1"
  fake_async:
    dependency: transitive
    description:
      name: fake_async
      sha256: "511392330127add0b769b75a987850d136345d9227c6b94c96a04cf4a391bf78"
      url: "https://pub.dev"
    source: hosted
    version: "1.3.1"
  ffi:
    dependency: transitive
    description:
      name: ffi
      sha256: "16ed7b077ef01ad6170a3d0c57caa4a112a38d7a2ed5602e0aca9ca6f3d98da6"
      url: "https://pub.dev"
    source: hosted
    version: "2.1.3"
  file:
    dependency: transitive
    description:
      name: file
      sha256: "5fc22d7c25582e38ad9a8515372cd9a93834027aacf1801cf01164dac0ffa08c"
      url: "https://pub.dev"
    source: hosted
    version: "7.0.0"
  fixnum:
    dependency: "direct main"
    description:
      name: fixnum
      sha256: "25517a4deb0c03aa0f32fd12db525856438902d9c16536311e76cdc57b31d7d1"
      url: "https://pub.dev"
    source: hosted
    version: "1.1.0"
  flutter:
    dependency: "direct main"
    description: flutter
    source: sdk
    version: "0.0.0"
  flutter_highlight:
    dependency: transitive
    description:
      name: flutter_highlight
      sha256: "7b96333867aa07e122e245c033b8ad622e4e3a42a1a2372cbb098a2541d8782c"
      url: "https://pub.dev"
    source: hosted
    version: "0.7.0"
  flutter_html:
    dependency: "direct main"
    description:
      name: flutter_html
      sha256: "02ad69e813ecfc0728a455e4bf892b9379983e050722b1dce00192ee2e41d1ee"
      url: "https://pub.dev"
    source: hosted
    version: "3.0.0-beta.2"
  flutter_js:
    dependency: "direct main"
    description:
      name: flutter_js
      sha256: d19cde4bad2f7c301ff5f69d7b3452ff91f2ca89d153569dd03e544579d8610d
      url: "https://pub.dev"
    source: hosted
    version: "0.8.1"
  flutter_localizations:
    dependency: "direct main"
    description: flutter
    source: sdk
    version: "0.0.0"
  flutter_svg:
    dependency: "direct main"
    description:
      name: flutter_svg
      sha256: c9bb2757b8a0bbf8e45f4069a90d2b9dbafc80b1a5e28d43e29088be533e6df4
      url: "https://pub.dev"
    source: hosted
    version: "1.0.3"
  flutter_test:
    dependency: "direct dev"
    description: flutter
    source: sdk
    version: "0.0.0"
  flutter_web_plugins:
    dependency: transitive
    description: flutter
    source: sdk
    version: "0.0.0"
  font_awesome_flutter:
    dependency: "direct main"
    description:
      name: font_awesome_flutter
      sha256: "4aee924361dbb8d9ed2d30ec1020596ddac23d5eb3b54610814c0a2d7666d855"
      url: "https://pub.dev"
    source: hosted
    version: "9.0.0"
  highlight:
    dependency: transitive
    description:
      name: highlight
      sha256: "5353a83ffe3e3eca7df0abfb72dcf3fa66cc56b953728e7113ad4ad88497cf21"
      url: "https://pub.dev"
    source: hosted
    version: "0.7.0"
  html:
    dependency: transitive
    description:
      name: html
      sha256: "3a7812d5bcd2894edf53dfaf8cd640876cf6cef50a8f238745c8b8120ea74d3a"
      url: "https://pub.dev"
    source: hosted
    version: "0.15.4"
  http:
    dependency: "direct main"
    description:
      name: http
      sha256: "759d1a329847dd0f39226c688d3e06a6b8679668e350e2891a6474f8b4bb8525"
      url: "https://pub.dev"
    source: hosted
    version: "1.1.0"
  http_parser:
    dependency: transitive
    description:
      name: http_parser
      sha256: "2aa08ce0341cc9b354a498388e30986515406668dbcc4f7c950c3e715496693b"
      url: "https://pub.dev"
    source: hosted
    version: "4.0.2"
  in_app_purchase_android:
    dependency: "direct main"
    description:
      name: in_app_purchase_android
      sha256: "25eb8694819caca282a527c26d5a1775164965c554ee99b9c10f3a0e44675c75"
      url: "https://pub.dev"
    source: hosted
    version: "0.3.6+8"
  in_app_purchase_platform_interface:
    dependency: transitive
    description:
      name: in_app_purchase_platform_interface
      sha256: "1d353d38251da5b9fea6635c0ebfc6bb17a2d28d0e86ea5e083bf64244f1fb4c"
      url: "https://pub.dev"
    source: hosted
    version: "1.4.0"
  in_app_purchase_storekit:
    dependency: "direct main"
    description:
      name: in_app_purchase_storekit
      sha256: "34ae209cb68b91ad0e67aa3413a97ed4df4bd4117c687c91f4cfeda616a76188"
      url: "https://pub.dev"
    source: hosted
    version: "0.3.5+2"
  intl:
    dependency: "direct main"
    description:
      name: intl
      sha256: d6f56758b7d3014a48af9701c085700aac781a92a87a62b1333b46d8879661cf
      url: "https://pub.dev"
    source: hosted
    version: "0.19.0"
  jdenticon_dart:
    dependency: "direct main"
    description:
      name: jdenticon_dart
      sha256: c08cf43635c3cffaa757110cb58e56ceb1f5d9a1474557dacee09782d18eb285
      url: "https://pub.dev"
    source: hosted
    version: "2.0.0"
  js:
    dependency: transitive
    description:
      name: js
      sha256: f2c445dce49627136094980615a031419f7f3eb393237e4ecd97ac15dea343f3
      url: "https://pub.dev"
    source: hosted
    version: "0.6.7"
  json_annotation:
    dependency: transitive
    description:
      name: json_annotation
      sha256: "1ce844379ca14835a50d2f019a3099f419082cfdd231cd86a142af94dd5c6bb1"
      url: "https://pub.dev"
    source: hosted
    version: "4.9.0"
  json_rpc_2:
    dependency: transitive
    description:
      name: json_rpc_2
      sha256: "5e469bffa23899edacb7b22787780068d650b106a21c76db3c49218ab7ca447e"
      url: "https://pub.dev"
    source: hosted
    version: "3.0.2"
  leak_tracker:
    dependency: transitive
    description:
      name: leak_tracker
      sha256: "3f87a60e8c63aecc975dda1ceedbc8f24de75f09e4856ea27daf8958f2f0ce05"
      url: "https://pub.dev"
    source: hosted
    version: "10.0.5"
  leak_tracker_flutter_testing:
    dependency: transitive
    description:
      name: leak_tracker_flutter_testing
      sha256: "932549fb305594d82d7183ecd9fa93463e9914e1b67cacc34bc40906594a1806"
      url: "https://pub.dev"
    source: hosted
    version: "3.0.5"
  leak_tracker_testing:
    dependency: transitive
    description:
      name: leak_tracker_testing
      sha256: "6ba465d5d76e67ddf503e1161d1f4a6bc42306f9d66ca1e8f079a47290fb06d3"
      url: "https://pub.dev"
    source: hosted
    version: "3.0.1"
  linked_scroll_controller:
    dependency: transitive
    description:
      name: linked_scroll_controller
      sha256: e6020062bcf4ffc907ee7fd090fa971e65d8dfaac3c62baf601a3ced0b37986a
      url: "https://pub.dev"
    source: hosted
    version: "0.2.0"
  list_counter:
    dependency: transitive
    description:
      name: list_counter
      sha256: c447ae3dfcd1c55f0152867090e67e219d42fe6d4f2807db4bbe8b8d69912237
      url: "https://pub.dev"
    source: hosted
    version: "1.0.2"
  matcher:
    dependency: transitive
    description:
      name: matcher
      sha256: d2323aa2060500f906aa31a895b4030b6da3ebdcc5619d14ce1aada65cd161cb
      url: "https://pub.dev"
    source: hosted
    version: "0.12.16+1"
  material_color_utilities:
    dependency: transitive
    description:
      name: material_color_utilities
      sha256: f7142bb1154231d7ea5f96bc7bde4bda2a0945d2806bb11670e30b850d56bdec
      url: "https://pub.dev"
    source: hosted
    version: "0.11.1"
  meta:
    dependency: transitive
    description:
      name: meta
      sha256: bdb68674043280c3428e9ec998512fb681678676b3c54e773629ffe74419f8c7
      url: "https://pub.dev"
    source: hosted
    version: "1.15.0"
  mobile_scanner:
    dependency: "direct main"
    description:
      name: mobile_scanner
      sha256: "6ac2913ad98c83f558d2c8a55bc8f511bdcf28b86639701c04b04c16da1e9ee1"
      url: "https://pub.dev"
    source: hosted
    version: "5.2.1"
  nested:
    dependency: transitive
    description:
      name: nested
      sha256: "03bac4c528c64c95c722ec99280375a6f2fc708eec17c7b3f07253b626cd2a20"
      url: "https://pub.dev"
    source: hosted
    version: "1.0.0"
  path:
    dependency: transitive
    description:
      name: path
      sha256: "087ce49c3f0dc39180befefc60fdb4acd8f8620e5682fe2476afd0b3688bb4af"
      url: "https://pub.dev"
    source: hosted
    version: "1.9.0"
  path_drawing:
    dependency: transitive
    description:
      name: path_drawing
      sha256: bbb1934c0cbb03091af082a6389ca2080345291ef07a5fa6d6e078ba8682f977
      url: "https://pub.dev"
    source: hosted
    version: "1.0.1"
  path_parsing:
    dependency: transitive
    description:
      name: path_parsing
      sha256: e3e67b1629e6f7e8100b367d3db6ba6af4b1f0bb80f64db18ef1fbabd2fa9ccf
      url: "https://pub.dev"
    source: hosted
    version: "1.0.1"
  path_provider_linux:
    dependency: transitive
    description:
      name: path_provider_linux
      sha256: f7a1fe3a634fe7734c8d3f2766ad746ae2a2884abe22e241a8b301bf5cac3279
      url: "https://pub.dev"
    source: hosted
    version: "2.2.1"
  path_provider_platform_interface:
    dependency: transitive
    description:
      name: path_provider_platform_interface
      sha256: "88f5779f72ba699763fa3a3b06aa4bf6de76c8e5de842cf6f29e2e06476c2334"
      url: "https://pub.dev"
    source: hosted
    version: "2.1.2"
  path_provider_windows:
    dependency: transitive
    description:
      name: path_provider_windows
      sha256: bd6f00dbd873bfb70d0761682da2b3a2c2fccc2b9e84c495821639601d81afe7
      url: "https://pub.dev"
    source: hosted
    version: "2.3.0"
  pedantic:
    dependency: "direct dev"
    description:
      name: pedantic
      sha256: "8f6460c77a98ad2807cd3b98c67096db4286f56166852d0ce5951bb600a63594"
      url: "https://pub.dev"
    source: hosted
    version: "1.11.0"
  percent_indicator:
    dependency: "direct main"
    description:
      name: percent_indicator
      sha256: bb8ae7bee5487373222773320669dd4cf2172ba70a42e2a2f591a70fede3d77c
      url: "https://pub.dev"
    source: hosted
    version: "3.0.1"
  petitparser:
    dependency: transitive
    description:
      name: petitparser
      sha256: cb3798bef7fc021ac45b308f4b51208a152792445cce0448c9a4ba5879dd8750
      url: "https://pub.dev"
    source: hosted
    version: "5.4.0"
  platform:
    dependency: transitive
    description:
      name: platform
      sha256: "9b71283fc13df574056616011fb138fd3b793ea47cc509c189a6c3fa5f8a1a65"
      url: "https://pub.dev"
    source: hosted
    version: "3.1.5"
  plugin_platform_interface:
    dependency: transitive
    description:
      name: plugin_platform_interface
      sha256: "4820fbfdb9478b1ebae27888254d445073732dae3d6ea81f0b7e06d5dedc3f02"
      url: "https://pub.dev"
    source: hosted
    version: "2.1.8"
  pointycastle:
    dependency: "direct main"
    description:
      name: pointycastle
      sha256: "7c1e5f0d23c9016c5bbd8b1473d0d3fb3fc851b876046039509e18e0c7485f2c"
      url: "https://pub.dev"
    source: hosted
    version: "3.7.3"
  provider:
    dependency: "direct main"
    description:
      name: provider
      sha256: "59471e0a4595e264625d3496af567ac85bdae1148ec985aff1e0555786f53ecf"
      url: "https://pub.dev"
    source: hosted
    version: "5.0.0"
  qr:
    dependency: transitive
    description:
      name: qr
      sha256: "5c4208b4dc0d55c3184d10d83ee0ded6212dc2b5e2ba17c5a0c0aab279128d21"
      url: "https://pub.dev"
    source: hosted
    version: "2.1.0"
  qr_flutter:
    dependency: "direct main"
    description:
      name: qr_flutter
      sha256: c5c121c54cb6dd837b9b9d57eb7bc7ec6df4aee741032060c8833a678c80b87e
      url: "https://pub.dev"
    source: hosted
    version: "4.0.0"
  rational:
    dependency: transitive
    description:
      name: rational
      sha256: cb808fb6f1a839e6fc5f7d8cb3b0a10e1db48b3be102de73938c627f0b636336
      url: "https://pub.dev"
    source: hosted
    version: "2.2.3"
  rxdart:
    dependency: "direct main"
    description:
      name: rxdart
      sha256: "0c7c0cedd93788d996e33041ffecda924cc54389199cde4e6a34b440f50044cb"
      url: "https://pub.dev"
    source: hosted
    version: "0.27.7"
  sec:
    dependency: transitive
    description:
      name: sec
      sha256: "8bbd56df884502192a441b5f5d667265498f2f8728a282beccd9db79e215f379"
      url: "https://pub.dev"
    source: hosted
    version: "1.1.0"
  shared_preferences:
    dependency: "direct main"
    description:
      name: shared_preferences
      sha256: "746e5369a43170c25816cc472ee016d3a66bc13fcf430c0bc41ad7b4b2922051"
      url: "https://pub.dev"
    source: hosted
    version: "2.3.2"
  shared_preferences_android:
    dependency: transitive
    description:
      name: shared_preferences_android
      sha256: "480ba4345773f56acda9abf5f50bd966f581dac5d514e5fc4a18c62976bbba7e"
      url: "https://pub.dev"
    source: hosted
    version: "2.3.2"
  shared_preferences_foundation:
    dependency: transitive
    description:
      name: shared_preferences_foundation
      sha256: c4b35f6cb8f63c147312c054ce7c2254c8066745125264f0c88739c417fc9d9f
      url: "https://pub.dev"
    source: hosted
    version: "2.5.2"
  shared_preferences_linux:
    dependency: transitive
    description:
      name: shared_preferences_linux
      sha256: "580abfd40f415611503cae30adf626e6656dfb2f0cee8f465ece7b6defb40f2f"
      url: "https://pub.dev"
    source: hosted
    version: "2.4.1"
  shared_preferences_platform_interface:
    dependency: transitive
    description:
      name: shared_preferences_platform_interface
      sha256: "57cbf196c486bc2cf1f02b85784932c6094376284b3ad5779d1b1c6c6a816b80"
      url: "https://pub.dev"
    source: hosted
    version: "2.4.1"
  shared_preferences_web:
    dependency: transitive
    description:
      name: shared_preferences_web
      sha256: d2ca4132d3946fec2184261726b355836a82c33d7d5b67af32692aff18a4684e
      url: "https://pub.dev"
    source: hosted
    version: "2.4.2"
  shared_preferences_windows:
    dependency: transitive
    description:
      name: shared_preferences_windows
      sha256: "94ef0f72b2d71bc3e700e025db3710911bd51a71cefb65cc609dd0d9a982e3c1"
      url: "https://pub.dev"
    source: hosted
    version: "2.4.1"
  sky_engine:
    dependency: transitive
    description: flutter
    source: sdk
    version: "0.0.99"
  source_span:
    dependency: transitive
    description:
      name: source_span
      sha256: "53e943d4206a5e30df338fd4c6e7a077e02254531b138a15aec3bd143c1a8b3c"
      url: "https://pub.dev"
    source: hosted
    version: "1.10.0"
  sqflite:
    dependency: "direct main"
    description:
      name: sqflite
      sha256: "643ab681a84d299bb5b661995668008e732f0577725b5be50d1dd25c1ed42d53"
      url: "https://pub.dev"
    source: hosted
    version: "2.0.0+3"
  sqflite_common:
    dependency: transitive
    description:
      name: sqflite_common
      sha256: "7b41b6c3507854a159e24ae90a8e3e9cc01eb26a477c118d6dca065b5f55453e"
      url: "https://pub.dev"
    source: hosted
    version: "2.5.4+2"
  stack_trace:
    dependency: transitive
    description:
      name: stack_trace
      sha256: "73713990125a6d93122541237550ee3352a2d84baad52d375a4cad2eb9b7ce0b"
      url: "https://pub.dev"
    source: hosted
    version: "1.11.1"
  stream_channel:
    dependency: transitive
    description:
      name: stream_channel
      sha256: ba2aa5d8cc609d96bbb2899c28934f9e1af5cddbd60a827822ea467161eb54e7
      url: "https://pub.dev"
    source: hosted
    version: "2.1.2"
  stream_transform:
    dependency: transitive
    description:
      name: stream_transform
      sha256: "14a00e794c7c11aa145a170587321aedce29769c08d7f58b1d141da75e3b1c6f"
      url: "https://pub.dev"
    source: hosted
    version: "2.1.0"
  string_scanner:
    dependency: transitive
    description:
      name: string_scanner
      sha256: "556692adab6cfa87322a115640c11f13cb77b3f076ddcc5d6ae3c20242bedcde"
      url: "https://pub.dev"
    source: hosted
    version: "1.2.0"
  styled_text:
    dependency: "direct main"
    description:
      name: styled_text
      sha256: fd624172cf629751b4f171dd0ecf9acf02a06df3f8a81bb56c0caa4f1df706c3
      url: "https://pub.dev"
    source: hosted
    version: "8.1.0"
  sync_http:
    dependency: transitive
    description:
      name: sync_http
      sha256: "7f0cd72eca000d2e026bcd6f990b81d0ca06022ef4e32fb257b30d3d1014a961"
      url: "https://pub.dev"
    source: hosted
    version: "0.3.1"
  synchronized:
    dependency: transitive
    description:
      name: synchronized
      sha256: a824e842b8a054f91a728b783c177c1e4731f6b124f9192468457a8913371255
      url: "https://pub.dev"
    source: hosted
    version: "3.2.0"
  term_glyph:
    dependency: transitive
    description:
      name: term_glyph
      sha256: a29248a84fbb7c79282b40b8c72a1209db169a2e0542bce341da992fe1bc7e84
      url: "https://pub.dev"
    source: hosted
    version: "1.2.1"
  test_api:
    dependency: transitive
    description:
      name: test_api
      sha256: "5b8a98dafc4d5c4c9c72d8b31ab2b23fc13422348d2997120294d3bac86b4ddb"
      url: "https://pub.dev"
    source: hosted
    version: "0.7.2"
  typed_data:
    dependency: transitive
    description:
      name: typed_data
      sha256: facc8d6582f16042dd49f2463ff1bd6e2c9ef9f3d5da3d9b087e244a7b564b3c
      url: "https://pub.dev"
    source: hosted
    version: "1.3.2"
  url_launcher:
    dependency: "direct main"
    description:
      name: url_launcher
      sha256: "704b2bd47392940d1ab71aa507b72f71989a255b2cb188cf3fff141b5921f364"
      url: "https://pub.dev"
    source: hosted
    version: "6.0.3"
  url_launcher_linux:
    dependency: transitive
    description:
      name: url_launcher_linux
      sha256: ae3c5ce30a1ba0a69c3f8803b23450703cf915575ad591857df98d9c15c11018
      url: "https://pub.dev"
    source: hosted
    version: "2.0.3"
  url_launcher_macos:
    dependency: transitive
    description:
      name: url_launcher_macos
      sha256: "8fd9ae3ab5e0f96cea7dd66c4ea65e39e3477067f4997c1ec8225d553e8bb8ea"
      url: "https://pub.dev"
    source: hosted
    version: "2.0.3"
  url_launcher_platform_interface:
    dependency: transitive
    description:
      name: url_launcher_platform_interface
      sha256: "552f8a1e663569be95a8190206a38187b531910283c3e982193e4f2733f01029"
      url: "https://pub.dev"
    source: hosted
    version: "2.3.2"
  url_launcher_web:
    dependency: transitive
    description:
      name: url_launcher_web
      sha256: "772638d3b34c779ede05ba3d38af34657a05ac55b06279ea6edd409e323dca8e"
      url: "https://pub.dev"
    source: hosted
    version: "2.3.3"
  url_launcher_windows:
    dependency: transitive
    description:
      name: url_launcher_windows
      sha256: "4e24aac2a2960fb9a70a07992e1ba69cb99fbcee48fdf17abe280ce867bfcea2"
      url: "https://pub.dev"
    source: hosted
    version: "2.0.2"
  uuid:
    dependency: "direct main"
    description:
      name: uuid
      sha256: "648e103079f7c64a36dc7d39369cabb358d377078a051d6ae2ad3aa539519313"
      url: "https://pub.dev"
    source: hosted
    version: "3.0.7"
  vector_math:
    dependency: transitive
    description:
      name: vector_math
      sha256: "80b3257d1492ce4d091729e3a67a60407d227c27241d6927be0130c98e741803"
      url: "https://pub.dev"
    source: hosted
    version: "2.1.4"
  vm_service:
    dependency: transitive
    description:
      name: vm_service
      sha256: f652077d0bdf60abe4c1f6377448e8655008eef28f128bc023f7b5e8dfeb48fc
      url: "https://pub.dev"
    source: hosted
    version: "14.2.4"
  wallet:
    dependency: transitive
    description:
      name: wallet
      sha256: "687fd89a16557649b26189e597792962f405797fc64113e8758eabc2c2605c32"
      url: "https://pub.dev"
    source: hosted
    version: "0.0.13"
  web:
    dependency: transitive
    description:
      name: web
      sha256: d43c1d6b787bf0afad444700ae7f4db8827f701bc61c255ac8d328c6f4d52062
      url: "https://pub.dev"
    source: hosted
    version: "1.0.0"
  web3dart:
    dependency: "direct main"
    description:
      name: web3dart
      sha256: bebbea9278723cef51d21caf65668860e7547f59114fe9f8af01b873a72ba0e6
      url: "https://pub.dev"
    source: hosted
    version: "2.7.1"
  window_size:
    dependency: "direct main"
    description:
      path: "flutter-desktop-embedding/plugins/window_size"
      relative: true
    source: path
    version: "0.1.0"
  xdg_directories:
    dependency: transitive
    description:
      name: xdg_directories
      sha256: faea9dee56b520b55a566385b84f2e8de55e7496104adada9962e0bd11bcff1d
      url: "https://pub.dev"
    source: hosted
    version: "1.0.4"
  xml:
    dependency: transitive
    description:
      name: xml
      sha256: "80d494c09849dc3f899d227a78c30c5b949b985ededf884cb3f3bcd39f4b447a"
      url: "https://pub.dev"
    source: hosted
    version: "5.4.1"
  xmlstream:
    dependency: transitive
    description:
      name: xmlstream
      sha256: cfc14e3f256997897df9481ae630d94c2d85ada5187ebeb868bb1aabc2c977b4
      url: "https://pub.dev"
    source: hosted
    version: "1.1.1"
sdks:
  dart: ">=3.5.0 <4.0.0"
  flutter: ">=3.24.0"
