PODS:
  - barcode_scan (0.0.1):
    - Flutter
    - MTBBarcodeScanner
  - Flutter (1.0.0)
  - FMDB (2.7.5):
    - FMDB/standard (= 2.7.5)
  - FMDB/standard (2.7.5)
  - in_app_purchase (0.0.1):
    - Flutter
  - MTBBarcodeScanner (5.0.11)
  - shared_preferences (0.0.1):
    - Flutter
  - sqflite (0.0.1):
    - Flutter
    - FMDB (~> 2.7.2)
  - url_launcher (0.0.1):
    - Flutter

DEPENDENCIES:
  - barcode_scan (from `.symlinks/plugins/barcode_scan/ios`)
  - Flutter (from `Flutter`)
  - in_app_purchase (from `.symlinks/plugins/in_app_purchase/ios`)
  - shared_preferences (from `.symlinks/plugins/shared_preferences/ios`)
  - sqflite (from `.symlinks/plugins/sqflite/ios`)
  - url_launcher (from `.symlinks/plugins/url_launcher/ios`)

SPEC REPOS:
  trunk:
    - FMDB
    - MTBBarcodeScanner

EXTERNAL SOURCES:
  barcode_scan:
    :path: ".symlinks/plugins/barcode_scan/ios"
  Flutter:
    :path: Flutter
  in_app_purchase:
    :path: ".symlinks/plugins/in_app_purchase/ios"
  shared_preferences:
    :path: ".symlinks/plugins/shared_preferences/ios"
  sqflite:
    :path: ".symlinks/plugins/sqflite/ios"
  url_launcher:
    :path: ".symlinks/plugins/url_launcher/ios"

SPEC CHECKSUMS:
  barcode_scan: 33f586d02270046fc6559135038b34b5754eaa4f
  Flutter: 0e3d915762c693b495b44d77113d4970485de6ec
  FMDB: 2ce00b547f966261cd18927a3ddb07cb6f3db82a
  in_app_purchase: 3e2155afa9d03d4fa32d9e62d567885080ce97d6
  MTBBarcodeScanner: f453b33c4b7dfe545d8c6484ed744d55671788cb
  shared_preferences: af6bfa751691cdc24be3045c43ec037377ada40d
  sqflite: 4001a31ff81d210346b500c55b17f4d6c7589dd0
  url_launcher: 6fef411d543ceb26efce54b05a0a40bfd74cbbef

PODFILE CHECKSUM: 8e679eca47255a8ca8067c4c67aab20e64cb974d

COCOAPODS: 1.9.1
